// !$*UTF8*$!
{
	archiveVersion = 1;
	classes = {
	};
	objectVersion = 77;
	objects = {

/* Begin PBXBuildFile section */
		973631FA2D06B15100701403 /* ContentView.swift in Sources */ = {isa = PBXBuildFile; fileRef = 973631F62D06B15100701403 /* ContentView.swift */; };
		973631FB2D06B15100701403 /* SBuddyApp.swift in Sources */ = {isa = PBXBuildFile; fileRef = 973631F82D06B15100701403 /* SBuddyApp.swift */; };
		973632002D06B15500701403 /* SBuddyTests.swift in Sources */ = {isa = PBXBuildFile; fileRef = 973631FE2D06B15500701403 /* SBuddyTests.swift */; };
		973632042D06B15800701403 /* SBuddyUITests.swift in Sources */ = {isa = PBXBuildFile; fileRef = 973632012D06B15800701403 /* SBuddyUITests.swift */; };
		973632052D06B15800701403 /* SBuddyUITestsLaunchTests.swift in Sources */ = {isa = PBXBuildFile; fileRef = 973632022D06B15800701403 /* SBuddyUITestsLaunchTests.swift */; };
		9C289BA78404596B1CD441E2 /* Pods_SBuddyTests.framework in Frameworks */ = {isa = PBXBuildFile; fileRef = 6454D7CC6A879AE6AA4961B9 /* Pods_SBuddyTests.framework */; };
		E7CEC0C30824E59856F499B6 /* Pods_SBuddy.framework in Frameworks */ = {isa = PBXBuildFile; fileRef = BA909C3B6CD7A92239C48465 /* Pods_SBuddy.framework */; };
		F2DAC2CDF33C619079F11EDD /* Pods_SBuddy_SBuddyUITests.framework in Frameworks */ = {isa = PBXBuildFile; fileRef = 57495E6265223E75D2F46E6F /* Pods_SBuddy_SBuddyUITests.framework */; };
/* End PBXBuildFile section */

/* Begin PBXContainerItemProxy section */
		973631C72D02E36000701403 /* PBXContainerItemProxy */ = {
			isa = PBXContainerItemProxy;
			containerPortal = 973631AD2D02E35D00701403 /* Project object */;
			proxyType = 1;
			remoteGlobalIDString = 973631B42D02E35D00701403;
			remoteInfo = SBuddy;
		};
		973631D12D02E36000701403 /* PBXContainerItemProxy */ = {
			isa = PBXContainerItemProxy;
			containerPortal = 973631AD2D02E35D00701403 /* Project object */;
			proxyType = 1;
			remoteGlobalIDString = 973631B42D02E35D00701403;
			remoteInfo = SBuddy;
		};
/* End PBXContainerItemProxy section */

/* Begin PBXFileReference section */
		0C00B40714CCC93956AE50AC /* Pods-SBuddy.debug.xcconfig */ = {isa = PBXFileReference; includeInIndex = 1; lastKnownFileType = text.xcconfig; name = "Pods-SBuddy.debug.xcconfig"; path = "Target Support Files/Pods-SBuddy/Pods-SBuddy.debug.xcconfig"; sourceTree = "<group>"; };
		41312FE1149B12B5EB81BA0A /* Pods-SBuddyTests.debug.xcconfig */ = {isa = PBXFileReference; includeInIndex = 1; lastKnownFileType = text.xcconfig; name = "Pods-SBuddyTests.debug.xcconfig"; path = "Target Support Files/Pods-SBuddyTests/Pods-SBuddyTests.debug.xcconfig"; sourceTree = "<group>"; };
		57495E6265223E75D2F46E6F /* Pods_SBuddy_SBuddyUITests.framework */ = {isa = PBXFileReference; explicitFileType = wrapper.framework; includeInIndex = 0; path = Pods_SBuddy_SBuddyUITests.framework; sourceTree = BUILT_PRODUCTS_DIR; };
		5894D321A8FBD88C309FAB0E /* Pods-SBuddy-SBuddyUITests.release.xcconfig */ = {isa = PBXFileReference; includeInIndex = 1; lastKnownFileType = text.xcconfig; name = "Pods-SBuddy-SBuddyUITests.release.xcconfig"; path = "Target Support Files/Pods-SBuddy-SBuddyUITests/Pods-SBuddy-SBuddyUITests.release.xcconfig"; sourceTree = "<group>"; };
		6454D7CC6A879AE6AA4961B9 /* Pods_SBuddyTests.framework */ = {isa = PBXFileReference; explicitFileType = wrapper.framework; includeInIndex = 0; path = Pods_SBuddyTests.framework; sourceTree = BUILT_PRODUCTS_DIR; };
		973631B52D02E35D00701403 /* SBuddy.app */ = {isa = PBXFileReference; explicitFileType = wrapper.application; includeInIndex = 0; path = SBuddy.app; sourceTree = BUILT_PRODUCTS_DIR; };
		973631C62D02E36000701403 /* SBuddyTests.xctest */ = {isa = PBXFileReference; explicitFileType = wrapper.cfbundle; includeInIndex = 0; path = SBuddyTests.xctest; sourceTree = BUILT_PRODUCTS_DIR; };
		973631D02D02E36000701403 /* SBuddyUITests.xctest */ = {isa = PBXFileReference; explicitFileType = wrapper.cfbundle; includeInIndex = 0; path = SBuddyUITests.xctest; sourceTree = BUILT_PRODUCTS_DIR; };
		973631F62D06B15100701403 /* ContentView.swift */ = {isa = PBXFileReference; lastKnownFileType = sourcecode.swift; path = ContentView.swift; sourceTree = "<group>"; };
		973631F72D06B15100701403 /* SBuddy.entitlements */ = {isa = PBXFileReference; lastKnownFileType = text.plist.entitlements; path = SBuddy.entitlements; sourceTree = "<group>"; };
		973631F82D06B15100701403 /* SBuddyApp.swift */ = {isa = PBXFileReference; lastKnownFileType = sourcecode.swift; path = SBuddyApp.swift; sourceTree = "<group>"; };
		973631FE2D06B15500701403 /* SBuddyTests.swift */ = {isa = PBXFileReference; lastKnownFileType = sourcecode.swift; path = SBuddyTests.swift; sourceTree = "<group>"; };
		973632012D06B15800701403 /* SBuddyUITests.swift */ = {isa = PBXFileReference; lastKnownFileType = sourcecode.swift; path = SBuddyUITests.swift; sourceTree = "<group>"; };
		973632022D06B15800701403 /* SBuddyUITestsLaunchTests.swift */ = {isa = PBXFileReference; lastKnownFileType = sourcecode.swift; path = SBuddyUITestsLaunchTests.swift; sourceTree = "<group>"; };
		BA909C3B6CD7A92239C48465 /* Pods_SBuddy.framework */ = {isa = PBXFileReference; explicitFileType = wrapper.framework; includeInIndex = 0; path = Pods_SBuddy.framework; sourceTree = BUILT_PRODUCTS_DIR; };
		C58F16ECEA4FF629C68C7DAF /* Pods-SBuddyTests.release.xcconfig */ = {isa = PBXFileReference; includeInIndex = 1; lastKnownFileType = text.xcconfig; name = "Pods-SBuddyTests.release.xcconfig"; path = "Target Support Files/Pods-SBuddyTests/Pods-SBuddyTests.release.xcconfig"; sourceTree = "<group>"; };
		CE6BFF21C49C45C9D47909C4 /* Pods-SBuddy.release.xcconfig */ = {isa = PBXFileReference; includeInIndex = 1; lastKnownFileType = text.xcconfig; name = "Pods-SBuddy.release.xcconfig"; path = "Target Support Files/Pods-SBuddy/Pods-SBuddy.release.xcconfig"; sourceTree = "<group>"; };
		E75F0A6978780AFE3E534159 /* Pods-SBuddy-SBuddyUITests.debug.xcconfig */ = {isa = PBXFileReference; includeInIndex = 1; lastKnownFileType = text.xcconfig; name = "Pods-SBuddy-SBuddyUITests.debug.xcconfig"; path = "Target Support Files/Pods-SBuddy-SBuddyUITests/Pods-SBuddy-SBuddyUITests.debug.xcconfig"; sourceTree = "<group>"; };
/* End PBXFileReference section */

/* Begin PBXFrameworksBuildPhase section */
		973631B22D02E35D00701403 /* Frameworks */ = {
			isa = PBXFrameworksBuildPhase;
			buildActionMask = 2147483647;
			files = (
				E7CEC0C30824E59856F499B6 /* Pods_SBuddy.framework in Frameworks */,
			);
			runOnlyForDeploymentPostprocessing = 0;
		};
		973631C32D02E36000701403 /* Frameworks */ = {
			isa = PBXFrameworksBuildPhase;
			buildActionMask = 2147483647;
			files = (
				9C289BA78404596B1CD441E2 /* Pods_SBuddyTests.framework in Frameworks */,
			);
			runOnlyForDeploymentPostprocessing = 0;
		};
		973631CD2D02E36000701403 /* Frameworks */ = {
			isa = PBXFrameworksBuildPhase;
			buildActionMask = 2147483647;
			files = (
				F2DAC2CDF33C619079F11EDD /* Pods_SBuddy_SBuddyUITests.framework in Frameworks */,
			);
			runOnlyForDeploymentPostprocessing = 0;
		};
/* End PBXFrameworksBuildPhase section */

/* Begin PBXGroup section */
		973631AC2D02E35D00701403 = {
			isa = PBXGroup;
			children = (
				973631F92D06B15100701403 /* SBuddy */,
				973631FF2D06B15500701403 /* SBuddyTests */,
				973632032D06B15800701403 /* SBuddyUITests */,
				973631B62D02E35D00701403 /* Products */,
				DEB35611DE268EDBAB8E7FD2 /* Pods */,
				D600A7BDAC9944DBCDB716E2 /* Frameworks */,
			);
			sourceTree = "<group>";
		};
		973631B62D02E35D00701403 /* Products */ = {
			isa = PBXGroup;
			children = (
				973631B52D02E35D00701403 /* SBuddy.app */,
				973631C62D02E36000701403 /* SBuddyTests.xctest */,
				973631D02D02E36000701403 /* SBuddyUITests.xctest */,
			);
			name = Products;
			sourceTree = "<group>";
		};
		973631F42D06B15100701403 /* Preview Content */ = {
			isa = PBXGroup;
			children = (
			);
			path = "Preview Content";
			sourceTree = "<group>";
		};
		973631F92D06B15100701403 /* SBuddy */ = {
			isa = PBXGroup;
			children = (
				973631F42D06B15100701403 /* Preview Content */,
				973631F62D06B15100701403 /* ContentView.swift */,
				973631F72D06B15100701403 /* SBuddy.entitlements */,
				973631F82D06B15100701403 /* SBuddyApp.swift */,
			);
			path = SBuddy;
			sourceTree = "<group>";
		};
		973631FF2D06B15500701403 /* SBuddyTests */ = {
			isa = PBXGroup;
			children = (
				973631FE2D06B15500701403 /* SBuddyTests.swift */,
			);
			path = SBuddyTests;
			sourceTree = "<group>";
		};
		973632032D06B15800701403 /* SBuddyUITests */ = {
			isa = PBXGroup;
			children = (
				973632012D06B15800701403 /* SBuddyUITests.swift */,
				973632022D06B15800701403 /* SBuddyUITestsLaunchTests.swift */,
			);
			path = SBuddyUITests;
			sourceTree = "<group>";
		};
		D600A7BDAC9944DBCDB716E2 /* Frameworks */ = {
			isa = PBXGroup;
			children = (
				BA909C3B6CD7A92239C48465 /* Pods_SBuddy.framework */,
				57495E6265223E75D2F46E6F /* Pods_SBuddy_SBuddyUITests.framework */,
				6454D7CC6A879AE6AA4961B9 /* Pods_SBuddyTests.framework */,
			);
			name = Frameworks;
			sourceTree = "<group>";
		};
		DEB35611DE268EDBAB8E7FD2 /* Pods */ = {
			isa = PBXGroup;
			children = (
				0C00B40714CCC93956AE50AC /* Pods-SBuddy.debug.xcconfig */,
				CE6BFF21C49C45C9D47909C4 /* Pods-SBuddy.release.xcconfig */,
				E75F0A6978780AFE3E534159 /* Pods-SBuddy-SBuddyUITests.debug.xcconfig */,
				5894D321A8FBD88C309FAB0E /* Pods-SBuddy-SBuddyUITests.release.xcconfig */,
				41312FE1149B12B5EB81BA0A /* Pods-SBuddyTests.debug.xcconfig */,
				C58F16ECEA4FF629C68C7DAF /* Pods-SBuddyTests.release.xcconfig */,
			);
			path = Pods;
			sourceTree = "<group>";
		};
/* End PBXGroup section */

/* Begin PBXNativeTarget section */
		973631B42D02E35D00701403 /* SBuddy */ = {
			isa = PBXNativeTarget;
			buildConfigurationList = 973631DA2D02E36000701403 /* Build configuration list for PBXNativeTarget "SBuddy" */;
			buildPhases = (
				06682F6EC8FC3E438E107575 /* [CP] Check Pods Manifest.lock */,
				973631B12D02E35D00701403 /* Sources */,
				973631B22D02E35D00701403 /* Frameworks */,
				973631B32D02E35D00701403 /* Resources */,
				F9DE07BA96CA0E44199B4BC1 /* [CP] Copy Pods Resources */,
			);
			buildRules = (
			);
			dependencies = (
			);
			name = SBuddy;
			productName = SBuddy;
			productReference = 973631B52D02E35D00701403 /* SBuddy.app */;
			productType = "com.apple.product-type.application";
		};
		973631C52D02E36000701403 /* SBuddyTests */ = {
			isa = PBXNativeTarget;
			buildConfigurationList = 973631DD2D02E36000701403 /* Build configuration list for PBXNativeTarget "SBuddyTests" */;
			buildPhases = (
				1E197F0B9F0FF2AE6A8030AB /* [CP] Check Pods Manifest.lock */,
				973631C22D02E36000701403 /* Sources */,
				973631C32D02E36000701403 /* Frameworks */,
				973631C42D02E36000701403 /* Resources */,
			);
			buildRules = (
			);
			dependencies = (
				973631C82D02E36000701403 /* PBXTargetDependency */,
			);
			name = SBuddyTests;
			productName = SBuddyTests;
			productReference = 973631C62D02E36000701403 /* SBuddyTests.xctest */;
			productType = "com.apple.product-type.bundle.unit-test";
		};
		973631CF2D02E36000701403 /* SBuddyUITests */ = {
			isa = PBXNativeTarget;
			buildConfigurationList = 973631E02D02E36000701403 /* Build configuration list for PBXNativeTarget "SBuddyUITests" */;
			buildPhases = (
				F426103CFE469811398CABCA /* [CP] Check Pods Manifest.lock */,
				973631CC2D02E36000701403 /* Sources */,
				973631CD2D02E36000701403 /* Frameworks */,
				973631CE2D02E36000701403 /* Resources */,
				42DD32977493E86E92697757 /* [CP] Copy Pods Resources */,
			);
			buildRules = (
			);
			dependencies = (
				973631D22D02E36000701403 /* PBXTargetDependency */,
			);
			name = SBuddyUITests;
			productName = SBuddyUITests;
			productReference = 973631D02D02E36000701403 /* SBuddyUITests.xctest */;
			productType = "com.apple.product-type.bundle.ui-testing";
		};
/* End PBXNativeTarget section */

/* Begin PBXProject section */
		973631AD2D02E35D00701403 /* Project object */ = {
			isa = PBXProject;
			attributes = {
				BuildIndependentTargetsInParallel = 1;
				LastSwiftUpdateCheck = 1610;
				LastUpgradeCheck = 1610;
				TargetAttributes = {
					973631B42D02E35D00701403 = {
						CreatedOnToolsVersion = 16.1;
					};
					973631C52D02E36000701403 = {
						CreatedOnToolsVersion = 16.1;
						TestTargetID = 973631B42D02E35D00701403;
					};
					973631CF2D02E36000701403 = {
						CreatedOnToolsVersion = 16.1;
						TestTargetID = 973631B42D02E35D00701403;
					};
				};
			};
			buildConfigurationList = 973631B02D02E35D00701403 /* Build configuration list for PBXProject "SBuddy" */;
			developmentRegion = en;
			hasScannedForEncodings = 0;
			knownRegions = (
				en,
				Base,
			);
			mainGroup = 973631AC2D02E35D00701403;
			minimizedProjectReferenceProxies = 1;
			preferredProjectObjectVersion = 77;
			productRefGroup = 973631B62D02E35D00701403 /* Products */;
			projectDirPath = "";
			projectRoot = "";
			targets = (
				973631B42D02E35D00701403 /* SBuddy */,
				973631C52D02E36000701403 /* SBuddyTests */,
				973631CF2D02E36000701403 /* SBuddyUITests */,
			);
		};
/* End PBXProject section */

/* Begin PBXResourcesBuildPhase section */
		973631B32D02E35D00701403 /* Resources */ = {
			isa = PBXResourcesBuildPhase;
			buildActionMask = 2147483647;
			files = (
			);
			runOnlyForDeploymentPostprocessing = 0;
		};
		973631C42D02E36000701403 /* Resources */ = {
			isa = PBXResourcesBuildPhase;
			buildActionMask = 2147483647;
			files = (
			);
			runOnlyForDeploymentPostprocessing = 0;
		};
		973631CE2D02E36000701403 /* Resources */ = {
			isa = PBXResourcesBuildPhase;
			buildActionMask = 2147483647;
			files = (
			);
			runOnlyForDeploymentPostprocessing = 0;
		};
/* End PBXResourcesBuildPhase section */

/* Begin PBXShellScriptBuildPhase section */
		06682F6EC8FC3E438E107575 /* [CP] Check Pods Manifest.lock */ = {
			isa = PBXShellScriptBuildPhase;
			buildActionMask = 2147483647;
			files = (
			);
			inputFileListPaths = (
			);
			inputPaths = (
				"${PODS_PODFILE_DIR_PATH}/Podfile.lock",
				"${PODS_ROOT}/Manifest.lock",
			);
			name = "[CP] Check Pods Manifest.lock";
			outputFileListPaths = (
			);
			outputPaths = (
				"$(DERIVED_FILE_DIR)/Pods-SBuddy-checkManifestLockResult.txt",
			);
			runOnlyForDeploymentPostprocessing = 0;
			shellPath = /bin/sh;
			shellScript = "diff \"${PODS_PODFILE_DIR_PATH}/Podfile.lock\" \"${PODS_ROOT}/Manifest.lock\" > /dev/null\nif [ $? != 0 ] ; then\n    # print error to STDERR\n    echo \"error: The sandbox is not in sync with the Podfile.lock. Run 'pod install' or update your CocoaPods installation.\" >&2\n    exit 1\nfi\n# This output is used by Xcode 'outputs' to avoid re-running this script phase.\necho \"SUCCESS\" > \"${SCRIPT_OUTPUT_FILE_0}\"\n";
			showEnvVarsInLog = 0;
		};
		1E197F0B9F0FF2AE6A8030AB /* [CP] Check Pods Manifest.lock */ = {
			isa = PBXShellScriptBuildPhase;
			buildActionMask = 2147483647;
			files = (
			);
			inputFileListPaths = (
			);
			inputPaths = (
				"${PODS_PODFILE_DIR_PATH}/Podfile.lock",
				"${PODS_ROOT}/Manifest.lock",
			);
			name = "[CP] Check Pods Manifest.lock";
			outputFileListPaths = (
			);
			outputPaths = (
				"$(DERIVED_FILE_DIR)/Pods-SBuddyTests-checkManifestLockResult.txt",
			);
			runOnlyForDeploymentPostprocessing = 0;
			shellPath = /bin/sh;
			shellScript = "diff \"${PODS_PODFILE_DIR_PATH}/Podfile.lock\" \"${PODS_ROOT}/Manifest.lock\" > /dev/null\nif [ $? != 0 ] ; then\n    # print error to STDERR\n    echo \"error: The sandbox is not in sync with the Podfile.lock. Run 'pod install' or update your CocoaPods installation.\" >&2\n    exit 1\nfi\n# This output is used by Xcode 'outputs' to avoid re-running this script phase.\necho \"SUCCESS\" > \"${SCRIPT_OUTPUT_FILE_0}\"\n";
			showEnvVarsInLog = 0;
		};
		42DD32977493E86E92697757 /* [CP] Copy Pods Resources */ = {
			isa = PBXShellScriptBuildPhase;
			buildActionMask = 2147483647;
			files = (
			);
			inputFileListPaths = (
				"${PODS_ROOT}/Target Support Files/Pods-SBuddy-SBuddyUITests/Pods-SBuddy-SBuddyUITests-resources-${CONFIGURATION}-input-files.xcfilelist",
			);
			name = "[CP] Copy Pods Resources";
			outputFileListPaths = (
				"${PODS_ROOT}/Target Support Files/Pods-SBuddy-SBuddyUITests/Pods-SBuddy-SBuddyUITests-resources-${CONFIGURATION}-output-files.xcfilelist",
			);
			runOnlyForDeploymentPostprocessing = 0;
			shellPath = /bin/sh;
			shellScript = "\"${PODS_ROOT}/Target Support Files/Pods-SBuddy-SBuddyUITests/Pods-SBuddy-SBuddyUITests-resources.sh\"\n";
			showEnvVarsInLog = 0;
		};
		F426103CFE469811398CABCA /* [CP] Check Pods Manifest.lock */ = {
			isa = PBXShellScriptBuildPhase;
			buildActionMask = 2147483647;
			files = (
			);
			inputFileListPaths = (
			);
			inputPaths = (
				"${PODS_PODFILE_DIR_PATH}/Podfile.lock",
				"${PODS_ROOT}/Manifest.lock",
			);
			name = "[CP] Check Pods Manifest.lock";
			outputFileListPaths = (
			);
			outputPaths = (
				"$(DERIVED_FILE_DIR)/Pods-SBuddy-SBuddyUITests-checkManifestLockResult.txt",
			);
			runOnlyForDeploymentPostprocessing = 0;
			shellPath = /bin/sh;
			shellScript = "diff \"${PODS_PODFILE_DIR_PATH}/Podfile.lock\" \"${PODS_ROOT}/Manifest.lock\" > /dev/null\nif [ $? != 0 ] ; then\n    # print error to STDERR\n    echo \"error: The sandbox is not in sync with the Podfile.lock. Run 'pod install' or update your CocoaPods installation.\" >&2\n    exit 1\nfi\n# This output is used by Xcode 'outputs' to avoid re-running this script phase.\necho \"SUCCESS\" > \"${SCRIPT_OUTPUT_FILE_0}\"\n";
			showEnvVarsInLog = 0;
		};
		F9DE07BA96CA0E44199B4BC1 /* [CP] Copy Pods Resources */ = {
			isa = PBXShellScriptBuildPhase;
			buildActionMask = 2147483647;
			files = (
			);
			inputFileListPaths = (
				"${PODS_ROOT}/Target Support Files/Pods-SBuddy/Pods-SBuddy-resources-${CONFIGURATION}-input-files.xcfilelist",
			);
			name = "[CP] Copy Pods Resources";
			outputFileListPaths = (
				"${PODS_ROOT}/Target Support Files/Pods-SBuddy/Pods-SBuddy-resources-${CONFIGURATION}-output-files.xcfilelist",
			);
			runOnlyForDeploymentPostprocessing = 0;
			shellPath = /bin/sh;
			shellScript = "\"${PODS_ROOT}/Target Support Files/Pods-SBuddy/Pods-SBuddy-resources.sh\"\n";
			showEnvVarsInLog = 0;
		};
/* End PBXShellScriptBuildPhase section */

/* Begin PBXSourcesBuildPhase section */
		973631B12D02E35D00701403 /* Sources */ = {
			isa = PBXSourcesBuildPhase;
			buildActionMask = 2147483647;
			files = (
				973631FA2D06B15100701403 /* ContentView.swift in Sources */,
				973631FB2D06B15100701403 /* SBuddyApp.swift in Sources */,
			);
			runOnlyForDeploymentPostprocessing = 0;
		};
		973631C22D02E36000701403 /* Sources */ = {
			isa = PBXSourcesBuildPhase;
			buildActionMask = 2147483647;
			files = (
				973632002D06B15500701403 /* SBuddyTests.swift in Sources */,
			);
			runOnlyForDeploymentPostprocessing = 0;
		};
		973631CC2D02E36000701403 /* Sources */ = {
			isa = PBXSourcesBuildPhase;
			buildActionMask = 2147483647;
			files = (
				973632042D06B15800701403 /* SBuddyUITests.swift in Sources */,
				973632052D06B15800701403 /* SBuddyUITestsLaunchTests.swift in Sources */,
			);
			runOnlyForDeploymentPostprocessing = 0;
		};
/* End PBXSourcesBuildPhase section */

/* Begin PBXTargetDependency section */
		973631C82D02E36000701403 /* PBXTargetDependency */ = {
			isa = PBXTargetDependency;
			target = 973631B42D02E35D00701403 /* SBuddy */;
			targetProxy = 973631C72D02E36000701403 /* PBXContainerItemProxy */;
		};
		973631D22D02E36000701403 /* PBXTargetDependency */ = {
			isa = PBXTargetDependency;
			target = 973631B42D02E35D00701403 /* SBuddy */;
			targetProxy = 973631D12D02E36000701403 /* PBXContainerItemProxy */;
		};
/* End PBXTargetDependency section */

/* Begin XCBuildConfiguration section */
		973631D82D02E36000701403 /* Debug */ = {
			isa = XCBuildConfiguration;
			buildSettings = {
				ALWAYS_SEARCH_USER_PATHS = NO;
				ASSETCATALOG_COMPILER_GENERATE_SWIFT_ASSET_SYMBOL_EXTENSIONS = YES;
				CLANG_ANALYZER_NONNULL = YES;
				CLANG_ANALYZER_NUMBER_OBJECT_CONVERSION = YES_AGGRESSIVE;
				CLANG_CXX_LANGUAGE_STANDARD = "gnu++20";
				CLANG_ENABLE_MODULES = YES;
				CLANG_ENABLE_OBJC_ARC = YES;
				CLANG_ENABLE_OBJC_WEAK = YES;
				CLANG_WARN_BLOCK_CAPTURE_AUTORELEASING = YES;
				CLANG_WARN_BOOL_CONVERSION = YES;
				CLANG_WARN_COMMA = YES;
				CLANG_WARN_CONSTANT_CONVERSION = YES;
				CLANG_WARN_DEPRECATED_OBJC_IMPLEMENTATIONS = YES;
				CLANG_WARN_DIRECT_OBJC_ISA_USAGE = YES_ERROR;
				CLANG_WARN_DOCUMENTATION_COMMENTS = YES;
				CLANG_WARN_EMPTY_BODY = YES;
				CLANG_WARN_ENUM_CONVERSION = YES;
				CLANG_WARN_INFINITE_RECURSION = YES;
				CLANG_WARN_INT_CONVERSION = YES;
				CLANG_WARN_NON_LITERAL_NULL_CONVERSION = YES;
				CLANG_WARN_OBJC_IMPLICIT_RETAIN_SELF = YES;
				CLANG_WARN_OBJC_LITERAL_CONVERSION = YES;
				CLANG_WARN_OBJC_ROOT_CLASS = YES_ERROR;
				CLANG_WARN_QUOTED_INCLUDE_IN_FRAMEWORK_HEADER = YES;
				CLANG_WARN_RANGE_LOOP_ANALYSIS = YES;
				CLANG_WARN_STRICT_PROTOTYPES = YES;
				CLANG_WARN_SUSPICIOUS_MOVE = YES;
				CLANG_WARN_UNGUARDED_AVAILABILITY = YES_AGGRESSIVE;
				CLANG_WARN_UNREACHABLE_CODE = YES;
				CLANG_WARN__DUPLICATE_METHOD_MATCH = YES;
				COPY_PHASE_STRIP = NO;
				DEBUG_INFORMATION_FORMAT = dwarf;
				ENABLE_STRICT_OBJC_MSGSEND = YES;
				ENABLE_TESTABILITY = YES;
				ENABLE_USER_SCRIPT_SANDBOXING = YES;
				GCC_C_LANGUAGE_STANDARD = gnu17;
				GCC_DYNAMIC_NO_PIC = NO;
				GCC_NO_COMMON_BLOCKS = YES;
				GCC_OPTIMIZATION_LEVEL = 0;
				GCC_PREPROCESSOR_DEFINITIONS = (
					"DEBUG=1",
					"$(inherited)",
				);
				GCC_WARN_64_TO_32_BIT_CONVERSION = YES;
				GCC_WARN_ABOUT_RETURN_TYPE = YES_ERROR;
				GCC_WARN_UNDECLARED_SELECTOR = YES;
				GCC_WARN_UNINITIALIZED_AUTOS = YES_AGGRESSIVE;
				GCC_WARN_UNUSED_FUNCTION = YES;
				GCC_WARN_UNUSED_VARIABLE = YES;
				LOCALIZATION_PREFERS_STRING_CATALOGS = YES;
				MTL_ENABLE_DEBUG_INFO = INCLUDE_SOURCE;
				MTL_FAST_MATH = YES;
				ONLY_ACTIVE_ARCH = YES;
				SWIFT_ACTIVE_COMPILATION_CONDITIONS = "DEBUG $(inherited)";
				SWIFT_OPTIMIZATION_LEVEL = "-Onone";
			};
			name = Debug;
		};
		973631D92D02E36000701403 /* Release */ = {
			isa = XCBuildConfiguration;
			buildSettings = {
				ALWAYS_SEARCH_USER_PATHS = NO;
				ASSETCATALOG_COMPILER_GENERATE_SWIFT_ASSET_SYMBOL_EXTENSIONS = YES;
				CLANG_ANALYZER_NONNULL = YES;
				CLANG_ANALYZER_NUMBER_OBJECT_CONVERSION = YES_AGGRESSIVE;
				CLANG_CXX_LANGUAGE_STANDARD = "gnu++20";
				CLANG_ENABLE_MODULES = YES;
				CLANG_ENABLE_OBJC_ARC = YES;
				CLANG_ENABLE_OBJC_WEAK = YES;
				CLANG_WARN_BLOCK_CAPTURE_AUTORELEASING = YES;
				CLANG_WARN_BOOL_CONVERSION = YES;
				CLANG_WARN_COMMA = YES;
				CLANG_WARN_CONSTANT_CONVERSION = YES;
				CLANG_WARN_DEPRECATED_OBJC_IMPLEMENTATIONS = YES;
				CLANG_WARN_DIRECT_OBJC_ISA_USAGE = YES_ERROR;
				CLANG_WARN_DOCUMENTATION_COMMENTS = YES;
				CLANG_WARN_EMPTY_BODY = YES;
				CLANG_WARN_ENUM_CONVERSION = YES;
				CLANG_WARN_INFINITE_RECURSION = YES;
				CLANG_WARN_INT_CONVERSION = YES;
				CLANG_WARN_NON_LITERAL_NULL_CONVERSION = YES;
				CLANG_WARN_OBJC_IMPLICIT_RETAIN_SELF = YES;
				CLANG_WARN_OBJC_LITERAL_CONVERSION = YES;
				CLANG_WARN_OBJC_ROOT_CLASS = YES_ERROR;
				CLANG_WARN_QUOTED_INCLUDE_IN_FRAMEWORK_HEADER = YES;
				CLANG_WARN_RANGE_LOOP_ANALYSIS = YES;
				CLANG_WARN_STRICT_PROTOTYPES = YES;
				CLANG_WARN_SUSPICIOUS_MOVE = YES;
				CLANG_WARN_UNGUARDED_AVAILABILITY = YES_AGGRESSIVE;
				CLANG_WARN_UNREACHABLE_CODE = YES;
				CLANG_WARN__DUPLICATE_METHOD_MATCH = YES;
				COPY_PHASE_STRIP = NO;
				DEBUG_INFORMATION_FORMAT = "dwarf-with-dsym";
				ENABLE_NS_ASSERTIONS = NO;
				ENABLE_STRICT_OBJC_MSGSEND = YES;
				ENABLE_USER_SCRIPT_SANDBOXING = YES;
				GCC_C_LANGUAGE_STANDARD = gnu17;
				GCC_NO_COMMON_BLOCKS = YES;
				GCC_WARN_64_TO_32_BIT_CONVERSION = YES;
				GCC_WARN_ABOUT_RETURN_TYPE = YES_ERROR;
				GCC_WARN_UNDECLARED_SELECTOR = YES;
				GCC_WARN_UNINITIALIZED_AUTOS = YES_AGGRESSIVE;
				GCC_WARN_UNUSED_FUNCTION = YES;
				GCC_WARN_UNUSED_VARIABLE = YES;
				LOCALIZATION_PREFERS_STRING_CATALOGS = YES;
				MTL_ENABLE_DEBUG_INFO = NO;
				MTL_FAST_MATH = YES;
				SWIFT_COMPILATION_MODE = wholemodule;
			};
			name = Release;
		};
		973631DB2D02E36000701403 /* Debug */ = {
			isa = XCBuildConfiguration;
			baseConfigurationReference = 0C00B40714CCC93956AE50AC /* Pods-SBuddy.debug.xcconfig */;
			buildSettings = {
				ASSETCATALOG_COMPILER_APPICON_NAME = "";
				ASSETCATALOG_COMPILER_GLOBAL_ACCENT_COLOR_NAME = AccentColor;
				CODE_SIGN_ENTITLEMENTS = SBuddy/SBuddy.entitlements;
				CODE_SIGN_STYLE = Automatic;
				CURRENT_PROJECT_VERSION = 1;
				DEVELOPMENT_ASSET_PATHS = "\"SBuddy/Preview Content\"";
				DEVELOPMENT_TEAM = 65JENXSM7K;
				ENABLE_HARDENED_RUNTIME = YES;
				ENABLE_PREVIEWS = YES;
				ENABLE_USER_SCRIPT_SANDBOXING = NO;
				GENERATE_INFOPLIST_FILE = YES;
				"INFOPLIST_KEY_UIApplicationSceneManifest_Generation[sdk=iphoneos*]" = YES;
				"INFOPLIST_KEY_UIApplicationSceneManifest_Generation[sdk=iphonesimulator*]" = YES;
				"INFOPLIST_KEY_UIApplicationSupportsIndirectInputEvents[sdk=iphoneos*]" = YES;
				"INFOPLIST_KEY_UIApplicationSupportsIndirectInputEvents[sdk=iphonesimulator*]" = YES;
				"INFOPLIST_KEY_UILaunchScreen_Generation[sdk=iphoneos*]" = YES;
				"INFOPLIST_KEY_UILaunchScreen_Generation[sdk=iphonesimulator*]" = YES;
				"INFOPLIST_KEY_UIStatusBarStyle[sdk=iphoneos*]" = UIStatusBarStyleDefault;
				"INFOPLIST_KEY_UIStatusBarStyle[sdk=iphonesimulator*]" = UIStatusBarStyleDefault;
				INFOPLIST_KEY_UISupportedInterfaceOrientations_iPad = "UIInterfaceOrientationPortrait UIInterfaceOrientationPortraitUpsideDown UIInterfaceOrientationLandscapeLeft UIInterfaceOrientationLandscapeRight";
				INFOPLIST_KEY_UISupportedInterfaceOrientations_iPhone = "UIInterfaceOrientationPortrait UIInterfaceOrientationLandscapeLeft UIInterfaceOrientationLandscapeRight";
				IPHONEOS_DEPLOYMENT_TARGET = 18.1;
				LD_RUNPATH_SEARCH_PATHS = "@executable_path/Frameworks";
				"LD_RUNPATH_SEARCH_PATHS[sdk=macosx*]" = "@executable_path/../Frameworks";
				MACOSX_DEPLOYMENT_TARGET = 15.1;
				MARKETING_VERSION = 1.0;
				PRODUCT_BUNDLE_IDENTIFIER = com.speakbuddy.SBuddy;
				PRODUCT_NAME = "$(TARGET_NAME)";
				SDKROOT = auto;
				SUPPORTED_PLATFORMS = "iphoneos iphonesimulator";
				SUPPORTS_MACCATALYST = NO;
				SWIFT_EMIT_LOC_STRINGS = YES;
				SWIFT_VERSION = 5.0;
				TARGETED_DEVICE_FAMILY = "1,2";
				XROS_DEPLOYMENT_TARGET = 2.1;
			};
			name = Debug;
		};
		973631DC2D02E36000701403 /* Release */ = {
			isa = XCBuildConfiguration;
			baseConfigurationReference = CE6BFF21C49C45C9D47909C4 /* Pods-SBuddy.release.xcconfig */;
			buildSettings = {
				ASSETCATALOG_COMPILER_APPICON_NAME = "";
				ASSETCATALOG_COMPILER_GLOBAL_ACCENT_COLOR_NAME = AccentColor;
				CODE_SIGN_ENTITLEMENTS = SBuddy/SBuddy.entitlements;
				CODE_SIGN_STYLE = Automatic;
				CURRENT_PROJECT_VERSION = 1;
				DEVELOPMENT_ASSET_PATHS = "\"SBuddy/Preview Content\"";
				DEVELOPMENT_TEAM = 65JENXSM7K;
				ENABLE_HARDENED_RUNTIME = YES;
				ENABLE_PREVIEWS = YES;
				ENABLE_USER_SCRIPT_SANDBOXING = NO;
				GENERATE_INFOPLIST_FILE = YES;
				"INFOPLIST_KEY_UIApplicationSceneManifest_Generation[sdk=iphoneos*]" = YES;
				"INFOPLIST_KEY_UIApplicationSceneManifest_Generation[sdk=iphonesimulator*]" = YES;
				"INFOPLIST_KEY_UIApplicationSupportsIndirectInputEvents[sdk=iphoneos*]" = YES;
				"INFOPLIST_KEY_UIApplicationSupportsIndirectInputEvents[sdk=iphonesimulator*]" = YES;
				"INFOPLIST_KEY_UILaunchScreen_Generation[sdk=iphoneos*]" = YES;
				"INFOPLIST_KEY_UILaunchScreen_Generation[sdk=iphonesimulator*]" = YES;
				"INFOPLIST_KEY_UIStatusBarStyle[sdk=iphoneos*]" = UIStatusBarStyleDefault;
				"INFOPLIST_KEY_UIStatusBarStyle[sdk=iphonesimulator*]" = UIStatusBarStyleDefault;
				INFOPLIST_KEY_UISupportedInterfaceOrientations_iPad = "UIInterfaceOrientationPortrait UIInterfaceOrientationPortraitUpsideDown UIInterfaceOrientationLandscapeLeft UIInterfaceOrientationLandscapeRight";
				INFOPLIST_KEY_UISupportedInterfaceOrientations_iPhone = "UIInterfaceOrientationPortrait UIInterfaceOrientationLandscapeLeft UIInterfaceOrientationLandscapeRight";
				IPHONEOS_DEPLOYMENT_TARGET = 18.1;
				LD_RUNPATH_SEARCH_PATHS = "@executable_path/Frameworks";
				"LD_RUNPATH_SEARCH_PATHS[sdk=macosx*]" = "@executable_path/../Frameworks";
				MACOSX_DEPLOYMENT_TARGET = 15.1;
				MARKETING_VERSION = 1.0;
				PRODUCT_BUNDLE_IDENTIFIER = com.speakbuddy.SBuddy;
				PRODUCT_NAME = "$(TARGET_NAME)";
				SDKROOT = auto;
				SUPPORTED_PLATFORMS = "iphoneos iphonesimulator";
				SUPPORTS_MACCATALYST = NO;
				SWIFT_EMIT_LOC_STRINGS = YES;
				SWIFT_VERSION = 5.0;
				TARGETED_DEVICE_FAMILY = "1,2";
				XROS_DEPLOYMENT_TARGET = 2.1;
			};
			name = Release;
		};
		973631DE2D02E36000701403 /* Debug */ = {
			isa = XCBuildConfiguration;
			baseConfigurationReference = 41312FE1149B12B5EB81BA0A /* Pods-SBuddyTests.debug.xcconfig */;
			buildSettings = {
				BUNDLE_LOADER = "$(TEST_HOST)";
				CODE_SIGN_STYLE = Automatic;
				CURRENT_PROJECT_VERSION = 1;
				DEVELOPMENT_TEAM = 65JENXSM7K;
				GENERATE_INFOPLIST_FILE = YES;
				IPHONEOS_DEPLOYMENT_TARGET = 18.1;
				MACOSX_DEPLOYMENT_TARGET = 15.1;
				MARKETING_VERSION = 1.0;
				PRODUCT_BUNDLE_IDENTIFIER = com.speakbuddy.SBuddyTests;
				PRODUCT_NAME = "$(TARGET_NAME)";
				SDKROOT = auto;
				SUPPORTED_PLATFORMS = "iphoneos iphonesimulator macosx xros xrsimulator";
				SWIFT_EMIT_LOC_STRINGS = NO;
				SWIFT_VERSION = 5.0;
				TARGETED_DEVICE_FAMILY = "1,2,7";
				TEST_HOST = "$(BUILT_PRODUCTS_DIR)/SBuddy.app/$(BUNDLE_EXECUTABLE_FOLDER_PATH)/SBuddy";
				XROS_DEPLOYMENT_TARGET = 2.1;
			};
			name = Debug;
		};
		973631DF2D02E36000701403 /* Release */ = {
			isa = XCBuildConfiguration;
			baseConfigurationReference = C58F16ECEA4FF629C68C7DAF /* Pods-SBuddyTests.release.xcconfig */;
			buildSettings = {
				BUNDLE_LOADER = "$(TEST_HOST)";
				CODE_SIGN_STYLE = Automatic;
				CURRENT_PROJECT_VERSION = 1;
				DEVELOPMENT_TEAM = 65JENXSM7K;
				GENERATE_INFOPLIST_FILE = YES;
				IPHONEOS_DEPLOYMENT_TARGET = 18.1;
				MACOSX_DEPLOYMENT_TARGET = 15.1;
				MARKETING_VERSION = 1.0;
				PRODUCT_BUNDLE_IDENTIFIER = com.speakbuddy.SBuddyTests;
				PRODUCT_NAME = "$(TARGET_NAME)";
				SDKROOT = auto;
				SUPPORTED_PLATFORMS = "iphoneos iphonesimulator macosx xros xrsimulator";
				SWIFT_EMIT_LOC_STRINGS = NO;
				SWIFT_VERSION = 5.0;
				TARGETED_DEVICE_FAMILY = "1,2,7";
				TEST_HOST = "$(BUILT_PRODUCTS_DIR)/SBuddy.app/$(BUNDLE_EXECUTABLE_FOLDER_PATH)/SBuddy";
				XROS_DEPLOYMENT_TARGET = 2.1;
			};
			name = Release;
		};
		973631E12D02E36000701403 /* Debug */ = {
			isa = XCBuildConfiguration;
			baseConfigurationReference = E75F0A6978780AFE3E534159 /* Pods-SBuddy-SBuddyUITests.debug.xcconfig */;
			buildSettings = {
				CODE_SIGN_STYLE = Automatic;
				CURRENT_PROJECT_VERSION = 1;
				DEVELOPMENT_TEAM = 65JENXSM7K;
				GENERATE_INFOPLIST_FILE = YES;
				IPHONEOS_DEPLOYMENT_TARGET = 18.1;
				MACOSX_DEPLOYMENT_TARGET = 15.1;
				MARKETING_VERSION = 1.0;
				PRODUCT_BUNDLE_IDENTIFIER = com.speakbuddy.SBuddyUITests;
				PRODUCT_NAME = "$(TARGET_NAME)";
				SDKROOT = auto;
				SUPPORTED_PLATFORMS = "iphoneos iphonesimulator macosx xros xrsimulator";
				SWIFT_EMIT_LOC_STRINGS = NO;
				SWIFT_VERSION = 5.0;
				TARGETED_DEVICE_FAMILY = "1,2,7";
				TEST_TARGET_NAME = SBuddy;
				XROS_DEPLOYMENT_TARGET = 2.1;
			};
			name = Debug;
		};
		973631E22D02E36000701403 /* Release */ = {
			isa = XCBuildConfiguration;
			baseConfigurationReference = 5894D321A8FBD88C309FAB0E /* Pods-SBuddy-SBuddyUITests.release.xcconfig */;
			buildSettings = {
				CODE_SIGN_STYLE = Automatic;
				CURRENT_PROJECT_VERSION = 1;
				DEVELOPMENT_TEAM = 65JENXSM7K;
				GENERATE_INFOPLIST_FILE = YES;
				IPHONEOS_DEPLOYMENT_TARGET = 18.1;
				MACOSX_DEPLOYMENT_TARGET = 15.1;
				MARKETING_VERSION = 1.0;
				PRODUCT_BUNDLE_IDENTIFIER = com.speakbuddy.SBuddyUITests;
				PRODUCT_NAME = "$(TARGET_NAME)";
				SDKROOT = auto;
				SUPPORTED_PLATFORMS = "iphoneos iphonesimulator macosx xros xrsimulator";
				SWIFT_EMIT_LOC_STRINGS = NO;
				SWIFT_VERSION = 5.0;
				TARGETED_DEVICE_FAMILY = "1,2,7";
				TEST_TARGET_NAME = SBuddy;
				XROS_DEPLOYMENT_TARGET = 2.1;
			};
			name = Release;
		};
/* End XCBuildConfiguration section */

/* Begin XCConfigurationList section */
		973631B02D02E35D00701403 /* Build configuration list for PBXProject "SBuddy" */ = {
			isa = XCConfigurationList;
			buildConfigurations = (
				973631D82D02E36000701403 /* Debug */,
				973631D92D02E36000701403 /* Release */,
			);
			defaultConfigurationIsVisible = 0;
			defaultConfigurationName = Release;
		};
		973631DA2D02E36000701403 /* Build configuration list for PBXNativeTarget "SBuddy" */ = {
			isa = XCConfigurationList;
			buildConfigurations = (
				973631DB2D02E36000701403 /* Debug */,
				973631DC2D02E36000701403 /* Release */,
			);
			defaultConfigurationIsVisible = 0;
			defaultConfigurationName = Release;
		};
		973631DD2D02E36000701403 /* Build configuration list for PBXNativeTarget "SBuddyTests" */ = {
			isa = XCConfigurationList;
			buildConfigurations = (
				973631DE2D02E36000701403 /* Debug */,
				973631DF2D02E36000701403 /* Release */,
			);
			defaultConfigurationIsVisible = 0;
			defaultConfigurationName = Release;
		};
		973631E02D02E36000701403 /* Build configuration list for PBXNativeTarget "SBuddyUITests" */ = {
			isa = XCConfigurationList;
			buildConfigurations = (
				973631E12D02E36000701403 /* Debug */,
				973631E22D02E36000701403 /* Release */,
			);
			defaultConfigurationIsVisible = 0;
			defaultConfigurationName = Release;
		};
/* End XCConfigurationList section */
	};
	rootObject = 973631AD2D02E35D00701403 /* Project object */;
}
